version = 1
revision = 3
requires-python = ">=3.10, <=3.13"

[[package]]
name = "certifi"
version = "2024.8.30"
source = { registry = "https://pypi.org/simple" }
sdist = { url = "https://files.pythonhosted.org/packages/b0/ee/9b19140fe824b367c04c5e1b369942dd754c4c5462d5674002f75c4dedc1/certifi-2024.8.30.tar.gz", hash = "sha256:bec941d2aa8195e248a60b31ff9f0558284cf01a52591ceda73ea9afffd69fd9", size = 168507, upload-time = "2024-08-30T01:55:04.365Z" }
wheels = [
    { url = "https://files.pythonhosted.org/packages/12/90/3c9ff0512038035f59d279fddeb79f5f1eccd8859f06d6163c58798b9487/certifi-2024.8.30-py3-none-any.whl", hash = "sha256:922820b53db7a7257ffbda3f597266d435245903d80737e34f8a45ff3e3230d8", size = 167321, upload-time = "2024-08-30T01:55:02.591Z" },
]

[[package]]
name = "charset-normalizer"
version = "3.3.2"
source = { registry = "https://pypi.org/simple" }
sdist = { url = "https://files.pythonhosted.org/packages/63/09/c1bc53dab74b1816a00d8d030de5bf98f724c52c1635e07681d312f20be8/charset-normalizer-3.3.2.tar.gz", hash = "sha256:f30c3cb33b24454a82faecaf01b19c18562b1e89558fb6c56de4d9118a032fd5", size = 104809, upload-time = "2023-11-01T04:04:59.997Z" }
wheels = [
    { url = "https://files.pythonhosted.org/packages/2b/61/095a0aa1a84d1481998b534177c8566fdc50bb1233ea9a0478cd3cc075bd/charset_normalizer-3.3.2-cp310-cp310-macosx_10_9_universal2.whl", hash = "sha256:25baf083bf6f6b341f4121c2f3c548875ee6f5339300e08be3f2b2ba1721cdd3", size = 194219, upload-time = "2023-11-01T04:02:29.048Z" },
    { url = "https://files.pythonhosted.org/packages/cc/94/f7cf5e5134175de79ad2059edf2adce18e0685ebdb9227ff0139975d0e93/charset_normalizer-3.3.2-cp310-cp310-macosx_10_9_x86_64.whl", hash = "sha256:06435b539f889b1f6f4ac1758871aae42dc3a8c0e24ac9e60c2384973ad73027", size = 122521, upload-time = "2023-11-01T04:02:32.452Z" },
    { url = "https://files.pythonhosted.org/packages/46/6a/d5c26c41c49b546860cc1acabdddf48b0b3fb2685f4f5617ac59261b44ae/charset_normalizer-3.3.2-cp310-cp310-macosx_11_0_arm64.whl", hash = "sha256:9063e24fdb1e498ab71cb7419e24622516c4a04476b17a2dab57e8baa30d6e03", size = 120383, upload-time = "2023-11-01T04:02:34.11Z" },
    { url = "https://files.pythonhosted.org/packages/b8/60/e2f67915a51be59d4539ed189eb0a2b0d292bf79270410746becb32bc2c3/charset_normalizer-3.3.2-cp310-cp310-manylinux_2_17_aarch64.manylinux2014_aarch64.whl", hash = "sha256:6897af51655e3691ff853668779c7bad41579facacf5fd7253b0133308cf000d", size = 138223, upload-time = "2023-11-01T04:02:36.213Z" },
    { url = "https://files.pythonhosted.org/packages/05/8c/eb854996d5fef5e4f33ad56927ad053d04dc820e4a3d39023f35cad72617/charset_normalizer-3.3.2-cp310-cp310-manylinux_2_17_ppc64le.manylinux2014_ppc64le.whl", hash = "sha256:1d3193f4a680c64b4b6a9115943538edb896edc190f0b222e73761716519268e", size = 148101, upload-time = "2023-11-01T04:02:38.067Z" },
    { url = "https://files.pythonhosted.org/packages/f6/93/bb6cbeec3bf9da9b2eba458c15966658d1daa8b982c642f81c93ad9b40e1/charset_normalizer-3.3.2-cp310-cp310-manylinux_2_17_s390x.manylinux2014_s390x.whl", hash = "sha256:cd70574b12bb8a4d2aaa0094515df2463cb429d8536cfb6c7ce983246983e5a6", size = 140699, upload-time = "2023-11-01T04:02:39.436Z" },
    { url = "https://files.pythonhosted.org/packages/da/f1/3702ba2a7470666a62fd81c58a4c40be00670e5006a67f4d626e57f013ae/charset_normalizer-3.3.2-cp310-cp310-manylinux_2_17_x86_64.manylinux2014_x86_64.whl", hash = "sha256:8465322196c8b4d7ab6d1e049e4c5cb460d0394da4a27d23cc242fbf0034b6b5", size = 142065, upload-time = "2023-11-01T04:02:41.357Z" },
    { url = "https://files.pythonhosted.org/packages/3f/ba/3f5e7be00b215fa10e13d64b1f6237eb6ebea66676a41b2bcdd09fe74323/charset_normalizer-3.3.2-cp310-cp310-manylinux_2_5_i686.manylinux1_i686.manylinux_2_17_i686.manylinux2014_i686.whl", hash = "sha256:a9a8e9031d613fd2009c182b69c7b2c1ef8239a0efb1df3f7c8da66d5dd3d537", size = 144505, upload-time = "2023-11-01T04:02:43.108Z" },
    { url = "https://files.pythonhosted.org/packages/33/c3/3b96a435c5109dd5b6adc8a59ba1d678b302a97938f032e3770cc84cd354/charset_normalizer-3.3.2-cp310-cp310-musllinux_1_1_aarch64.whl", hash = "sha256:beb58fe5cdb101e3a055192ac291b7a21e3b7ef4f67fa1d74e331a7f2124341c", size = 139425, upload-time = "2023-11-01T04:02:45.427Z" },
    { url = "https://files.pythonhosted.org/packages/43/05/3bf613e719efe68fb3a77f9c536a389f35b95d75424b96b426a47a45ef1d/charset_normalizer-3.3.2-cp310-cp310-musllinux_1_1_i686.whl", hash = "sha256:e06ed3eb3218bc64786f7db41917d4e686cc4856944f53d5bdf83a6884432e12", size = 145287, upload-time = "2023-11-01T04:02:46.705Z" },
    { url = "https://files.pythonhosted.org/packages/58/78/a0bc646900994df12e07b4ae5c713f2b3e5998f58b9d3720cce2aa45652f/charset_normalizer-3.3.2-cp310-cp310-musllinux_1_1_ppc64le.whl", hash = "sha256:2e81c7b9c8979ce92ed306c249d46894776a909505d8f5a4ba55b14206e3222f", size = 149929, upload-time = "2023-11-01T04:02:48.098Z" },
    { url = "https://files.pythonhosted.org/packages/eb/5c/97d97248af4920bc68687d9c3b3c0f47c910e21a8ff80af4565a576bd2f0/charset_normalizer-3.3.2-cp310-cp310-musllinux_1_1_s390x.whl", hash = "sha256:572c3763a264ba47b3cf708a44ce965d98555f618ca42c926a9c1616d8f34269", size = 141605, upload-time = "2023-11-01T04:02:49.605Z" },
    { url = "https://files.pythonhosted.org/packages/a8/31/47d018ef89f95b8aded95c589a77c072c55e94b50a41aa99c0a2008a45a4/charset_normalizer-3.3.2-cp310-cp310-musllinux_1_1_x86_64.whl", hash = "sha256:fd1abc0d89e30cc4e02e4064dc67fcc51bd941eb395c502aac3ec19fab46b519", size = 142646, upload-time = "2023-11-01T04:02:51.35Z" },
    { url = "https://files.pythonhosted.org/packages/ae/d5/4fecf1d58bedb1340a50f165ba1c7ddc0400252d6832ff619c4568b36cc0/charset_normalizer-3.3.2-cp310-cp310-win32.whl", hash = "sha256:3d47fa203a7bd9c5b6cee4736ee84ca03b8ef23193c0d1ca99b5089f72645c73", size = 92846, upload-time = "2023-11-01T04:02:52.679Z" },
    { url = "https://files.pythonhosted.org/packages/a2/a0/4af29e22cb5942488cf45630cbdd7cefd908768e69bdd90280842e4e8529/charset_normalizer-3.3.2-cp310-cp310-win_amd64.whl", hash = "sha256:10955842570876604d404661fbccbc9c7e684caf432c09c715ec38fbae45ae09", size = 100343, upload-time = "2023-11-01T04:02:53.915Z" },
    { url = "https://files.pythonhosted.org/packages/68/77/02839016f6fbbf808e8b38601df6e0e66c17bbab76dff4613f7511413597/charset_normalizer-3.3.2-cp311-cp311-macosx_10_9_universal2.whl", hash = "sha256:802fe99cca7457642125a8a88a084cef28ff0cf9407060f7b93dca5aa25480db", size = 191647, upload-time = "2023-11-01T04:02:55.329Z" },
    { url = "https://files.pythonhosted.org/packages/3e/33/21a875a61057165e92227466e54ee076b73af1e21fe1b31f1e292251aa1e/charset_normalizer-3.3.2-cp311-cp311-macosx_10_9_x86_64.whl", hash = "sha256:573f6eac48f4769d667c4442081b1794f52919e7edada77495aaed9236d13a96", size = 121434, upload-time = "2023-11-01T04:02:57.173Z" },
    { url = "https://files.pythonhosted.org/packages/dd/51/68b61b90b24ca35495956b718f35a9756ef7d3dd4b3c1508056fa98d1a1b/charset_normalizer-3.3.2-cp311-cp311-macosx_11_0_arm64.whl", hash = "sha256:549a3a73da901d5bc3ce8d24e0600d1fa85524c10287f6004fbab87672bf3e1e", size = 118979, upload-time = "2023-11-01T04:02:58.442Z" },
    { url = "https://files.pythonhosted.org/packages/e4/a6/7ee57823d46331ddc37dd00749c95b0edec2c79b15fc0d6e6efb532e89ac/charset_normalizer-3.3.2-cp311-cp311-manylinux_2_17_aarch64.manylinux2014_aarch64.whl", hash = "sha256:f27273b60488abe721a075bcca6d7f3964f9f6f067c8c4c605743023d7d3944f", size = 136582, upload-time = "2023-11-01T04:02:59.776Z" },
    { url = "https://files.pythonhosted.org/packages/74/f1/0d9fe69ac441467b737ba7f48c68241487df2f4522dd7246d9426e7c690e/charset_normalizer-3.3.2-cp311-cp311-manylinux_2_17_ppc64le.manylinux2014_ppc64le.whl", hash = "sha256:1ceae2f17a9c33cb48e3263960dc5fc8005351ee19db217e9b1bb15d28c02574", size = 146645, upload-time = "2023-11-01T04:03:02.186Z" },
    { url = "https://files.pythonhosted.org/packages/05/31/e1f51c76db7be1d4aef220d29fbfa5dbb4a99165d9833dcbf166753b6dc0/charset_normalizer-3.3.2-cp311-cp311-manylinux_2_17_s390x.manylinux2014_s390x.whl", hash = "sha256:65f6f63034100ead094b8744b3b97965785388f308a64cf8d7c34f2f2e5be0c4", size = 139398, upload-time = "2023-11-01T04:03:04.255Z" },
    { url = "https://files.pythonhosted.org/packages/40/26/f35951c45070edc957ba40a5b1db3cf60a9dbb1b350c2d5bef03e01e61de/charset_normalizer-3.3.2-cp311-cp311-manylinux_2_17_x86_64.manylinux2014_x86_64.whl", hash = "sha256:753f10e867343b4511128c6ed8c82f7bec3bd026875576dfd88483c5c73b2fd8", size = 140273, upload-time = "2023-11-01T04:03:05.983Z" },
    { url = "https://files.pythonhosted.org/packages/07/07/7e554f2bbce3295e191f7e653ff15d55309a9ca40d0362fcdab36f01063c/charset_normalizer-3.3.2-cp311-cp311-manylinux_2_5_i686.manylinux1_i686.manylinux_2_17_i686.manylinux2014_i686.whl", hash = "sha256:4a78b2b446bd7c934f5dcedc588903fb2f5eec172f3d29e52a9096a43722adfc", size = 142577, upload-time = "2023-11-01T04:03:07.567Z" },
    { url = "https://files.pythonhosted.org/packages/d8/b5/eb705c313100defa57da79277d9207dc8d8e45931035862fa64b625bfead/charset_normalizer-3.3.2-cp311-cp311-musllinux_1_1_aarch64.whl", hash = "sha256:e537484df0d8f426ce2afb2d0f8e1c3d0b114b83f8850e5f2fbea0e797bd82ae", size = 137747, upload-time = "2023-11-01T04:03:08.886Z" },
    { url = "https://files.pythonhosted.org/packages/19/28/573147271fd041d351b438a5665be8223f1dd92f273713cb882ddafe214c/charset_normalizer-3.3.2-cp311-cp311-musllinux_1_1_i686.whl", hash = "sha256:eb6904c354526e758fda7167b33005998fb68c46fbc10e013ca97f21ca5c8887", size = 143375, upload-time = "2023-11-01T04:03:10.613Z" },
    { url = "https://files.pythonhosted.org/packages/cf/7c/f3b682fa053cc21373c9a839e6beba7705857075686a05c72e0f8c4980ca/charset_normalizer-3.3.2-cp311-cp311-musllinux_1_1_ppc64le.whl", hash = "sha256:deb6be0ac38ece9ba87dea880e438f25ca3eddfac8b002a2ec3d9183a454e8ae", size = 148474, upload-time = "2023-11-01T04:03:11.973Z" },
    { url = "https://files.pythonhosted.org/packages/1e/49/7ab74d4ac537ece3bc3334ee08645e231f39f7d6df6347b29a74b0537103/charset_normalizer-3.3.2-cp311-cp311-musllinux_1_1_s390x.whl", hash = "sha256:4ab2fe47fae9e0f9dee8c04187ce5d09f48eabe611be8259444906793ab7cbce", size = 140232, upload-time = "2023-11-01T04:03:13.505Z" },
    { url = "https://files.pythonhosted.org/packages/2d/dc/9dacba68c9ac0ae781d40e1a0c0058e26302ea0660e574ddf6797a0347f7/charset_normalizer-3.3.2-cp311-cp311-musllinux_1_1_x86_64.whl", hash = "sha256:80402cd6ee291dcb72644d6eac93785fe2c8b9cb30893c1af5b8fdd753b9d40f", size = 140859, upload-time = "2023-11-01T04:03:17.362Z" },
    { url = "https://files.pythonhosted.org/packages/6c/c2/4a583f800c0708dd22096298e49f887b49d9746d0e78bfc1d7e29816614c/charset_normalizer-3.3.2-cp311-cp311-win32.whl", hash = "sha256:7cd13a2e3ddeed6913a65e66e94b51d80a041145a026c27e6bb76c31a853c6ab", size = 92509, upload-time = "2023-11-01T04:03:21.453Z" },
    { url = "https://files.pythonhosted.org/packages/57/ec/80c8d48ac8b1741d5b963797b7c0c869335619e13d4744ca2f67fc11c6fc/charset_normalizer-3.3.2-cp311-cp311-win_amd64.whl", hash = "sha256:663946639d296df6a2bb2aa51b60a2454ca1cb29835324c640dafb5ff2131a77", size = 99870, upload-time = "2023-11-01T04:03:22.723Z" },
    { url = "https://files.pythonhosted.org/packages/d1/b2/fcedc8255ec42afee97f9e6f0145c734bbe104aac28300214593eb326f1d/charset_normalizer-3.3.2-cp312-cp312-macosx_10_9_universal2.whl", hash = "sha256:0b2b64d2bb6d3fb9112bafa732def486049e63de9618b5843bcdd081d8144cd8", size = 192892, upload-time = "2023-11-01T04:03:24.135Z" },
    { url = "https://files.pythonhosted.org/packages/2e/7d/2259318c202f3d17f3fe6438149b3b9e706d1070fe3fcbb28049730bb25c/charset_normalizer-3.3.2-cp312-cp312-macosx_10_9_x86_64.whl", hash = "sha256:ddbb2551d7e0102e7252db79ba445cdab71b26640817ab1e3e3648dad515003b", size = 122213, upload-time = "2023-11-01T04:03:25.66Z" },
    { url = "https://files.pythonhosted.org/packages/3a/52/9f9d17c3b54dc238de384c4cb5a2ef0e27985b42a0e5cc8e8a31d918d48d/charset_normalizer-3.3.2-cp312-cp312-macosx_11_0_arm64.whl", hash = "sha256:55086ee1064215781fff39a1af09518bc9255b50d6333f2e4c74ca09fac6a8f6", size = 119404, upload-time = "2023-11-01T04:03:27.04Z" },
    { url = "https://files.pythonhosted.org/packages/99/b0/9c365f6d79a9f0f3c379ddb40a256a67aa69c59609608fe7feb6235896e1/charset_normalizer-3.3.2-cp312-cp312-manylinux_2_17_aarch64.manylinux2014_aarch64.whl", hash = "sha256:8f4a014bc36d3c57402e2977dada34f9c12300af536839dc38c0beab8878f38a", size = 137275, upload-time = "2023-11-01T04:03:28.466Z" },
    { url = "https://files.pythonhosted.org/packages/91/33/749df346e93d7a30cdcb90cbfdd41a06026317bfbfb62cd68307c1a3c543/charset_normalizer-3.3.2-cp312-cp312-manylinux_2_17_ppc64le.manylinux2014_ppc64le.whl", hash = "sha256:a10af20b82360ab00827f916a6058451b723b4e65030c5a18577c8b2de5b3389", size = 147518, upload-time = "2023-11-01T04:03:29.82Z" },
    { url = "https://files.pythonhosted.org/packages/72/1a/641d5c9f59e6af4c7b53da463d07600a695b9824e20849cb6eea8a627761/charset_normalizer-3.3.2-cp312-cp312-manylinux_2_17_s390x.manylinux2014_s390x.whl", hash = "sha256:8d756e44e94489e49571086ef83b2bb8ce311e730092d2c34ca8f7d925cb20aa", size = 140182, upload-time = "2023-11-01T04:03:31.511Z" },
    { url = "https://files.pythonhosted.org/packages/ee/fb/14d30eb4956408ee3ae09ad34299131fb383c47df355ddb428a7331cfa1e/charset_normalizer-3.3.2-cp312-cp312-manylinux_2_17_x86_64.manylinux2014_x86_64.whl", hash = "sha256:90d558489962fd4918143277a773316e56c72da56ec7aa3dc3dbbe20fdfed15b", size = 141869, upload-time = "2023-11-01T04:03:32.887Z" },
    { url = "https://files.pythonhosted.org/packages/df/3e/a06b18788ca2eb6695c9b22325b6fde7dde0f1d1838b1792a0076f58fe9d/charset_normalizer-3.3.2-cp312-cp312-manylinux_2_5_i686.manylinux1_i686.manylinux_2_17_i686.manylinux2014_i686.whl", hash = "sha256:6ac7ffc7ad6d040517be39eb591cac5ff87416c2537df6ba3cba3bae290c0fed", size = 144042, upload-time = "2023-11-01T04:03:34.412Z" },
    { url = "https://files.pythonhosted.org/packages/45/59/3d27019d3b447a88fe7e7d004a1e04be220227760264cc41b405e863891b/charset_normalizer-3.3.2-cp312-cp312-musllinux_1_1_aarch64.whl", hash = "sha256:7ed9e526742851e8d5cc9e6cf41427dfc6068d4f5a3bb03659444b4cabf6bc26", size = 138275, upload-time = "2023-11-01T04:03:35.759Z" },
    { url = "https://files.pythonhosted.org/packages/7b/ef/5eb105530b4da8ae37d506ccfa25057961b7b63d581def6f99165ea89c7e/charset_normalizer-3.3.2-cp312-cp312-musllinux_1_1_i686.whl", hash = "sha256:8bdb58ff7ba23002a4c5808d608e4e6c687175724f54a5dade5fa8c67b604e4d", size = 144819, upload-time = "2023-11-01T04:03:37.216Z" },
    { url = "https://files.pythonhosted.org/packages/a2/51/e5023f937d7f307c948ed3e5c29c4b7a3e42ed2ee0b8cdf8f3a706089bf0/charset_normalizer-3.3.2-cp312-cp312-musllinux_1_1_ppc64le.whl", hash = "sha256:6b3251890fff30ee142c44144871185dbe13b11bab478a88887a639655be1068", size = 149415, upload-time = "2023-11-01T04:03:38.694Z" },
    { url = "https://files.pythonhosted.org/packages/24/9d/2e3ef673dfd5be0154b20363c5cdcc5606f35666544381bee15af3778239/charset_normalizer-3.3.2-cp312-cp312-musllinux_1_1_s390x.whl", hash = "sha256:b4a23f61ce87adf89be746c8a8974fe1c823c891d8f86eb218bb957c924bb143", size = 141212, upload-time = "2023-11-01T04:03:40.07Z" },
    { url = "https://files.pythonhosted.org/packages/5b/ae/ce2c12fcac59cb3860b2e2d76dc405253a4475436b1861d95fe75bdea520/charset_normalizer-3.3.2-cp312-cp312-musllinux_1_1_x86_64.whl", hash = "sha256:efcb3f6676480691518c177e3b465bcddf57cea040302f9f4e6e191af91174d4", size = 142167, upload-time = "2023-11-01T04:03:41.491Z" },
    { url = "https://files.pythonhosted.org/packages/ed/3a/a448bf035dce5da359daf9ae8a16b8a39623cc395a2ffb1620aa1bce62b0/charset_normalizer-3.3.2-cp312-cp312-win32.whl", hash = "sha256:d965bba47ddeec8cd560687584e88cf699fd28f192ceb452d1d7ee807c5597b7", size = 93041, upload-time = "2023-11-01T04:03:42.836Z" },
    { url = "https://files.pythonhosted.org/packages/b6/7c/8debebb4f90174074b827c63242c23851bdf00a532489fba57fef3416e40/charset_normalizer-3.3.2-cp312-cp312-win_amd64.whl", hash = "sha256:96b02a3dc4381e5494fad39be677abcb5e6634bf7b4fa83a6dd3112607547001", size = 100397, upload-time = "2023-11-01T04:03:44.467Z" },
    { url = "https://files.pythonhosted.org/packages/28/76/e6222113b83e3622caa4bb41032d0b1bf785250607392e1b778aca0b8a7d/charset_normalizer-3.3.2-py3-none-any.whl", hash = "sha256:3e4d1f6587322d2788836a99c69062fbb091331ec940e02d12d179c1d53e25fc", size = 48543, upload-time = "2023-11-01T04:04:58.622Z" },
]

[[package]]
name = "click"
version = "8.1.3"
source = { registry = "https://pypi.org/simple" }
dependencies = [
    { name = "colorama", marker = "sys_platform == 'win32'" },
]
sdist = { url = "https://files.pythonhosted.org/packages/59/87/84326af34517fca8c58418d148f2403df25303e02736832403587318e9e8/click-8.1.3.tar.gz", hash = "sha256:7682dc8afb30297001674575ea00d1814d808d6a36af415a82bd481d37ba7b8e", size = 331147, upload-time = "2022-04-28T17:36:09.097Z" }
wheels = [
    { url = "https://files.pythonhosted.org/packages/c2/f1/df59e28c642d583f7dacffb1e0965d0e00b218e0186d7858ac5233dce840/click-8.1.3-py3-none-any.whl", hash = "sha256:bb4d8133cb15a609f44e8213d9b391b0809795062913b383c62be0ee95b1db48", size = 96588, upload-time = "2022-04-28T17:36:06.952Z" },
]

[[package]]
name = "colorama"
version = "0.4.6"
source = { registry = "https://pypi.org/simple" }
sdist = { url = "https://files.pythonhosted.org/packages/d8/53/6f443c9a4a8358a93a6792e2acffb9d9d5cb0a5cfd8802644b7b1c9a02e4/colorama-0.4.6.tar.gz", hash = "sha256:08695f5cb7ed6e0531a20572697297273c47b8cae5a63ffc6d6ed5c201be6e44", size = 27697, upload-time = "2022-10-25T02:36:22.414Z" }
wheels = [
    { url = "https://files.pythonhosted.org/packages/d1/d6/3965ed04c63042e047cb6a3e6ed1a63a35087b6a609aa3a15ed8ac56c221/colorama-0.4.6-py2.py3-none-any.whl", hash = "sha256:4f1d9991f5acc0ca119f9d443620b77f9d6b33703e51011c16baf57afb285fc6", size = 25335, upload-time = "2022-10-25T02:36:20.889Z" },
]

[[package]]
name = "flask"
version = "2.1.2"
source = { registry = "https://pypi.org/simple" }
dependencies = [
    { name = "click" },
    { name = "itsdangerous" },
    { name = "jinja2" },
    { name = "werkzeug" },
]
sdist = { url = "https://files.pythonhosted.org/packages/d3/3c/94f38d4db919a9326a706ad56f05a7e6f0c8f7b7d93e2997cca54d3bc14b/Flask-2.1.2.tar.gz", hash = "sha256:315ded2ddf8a6281567edb27393010fe3406188bafbfe65a3339d5787d89e477", size = 631846, upload-time = "2022-04-28T17:47:40.695Z" }
wheels = [
    { url = "https://files.pythonhosted.org/packages/ba/76/e9580e494eaf6f09710b0f3b9000c9c0363e44af5390be32bb0394165853/Flask-2.1.2-py3-none-any.whl", hash = "sha256:fad5b446feb0d6db6aec0c3184d16a8c1f6c3e464b511649c8918a9be100b4fe", size = 95235, upload-time = "2022-04-28T17:47:38.409Z" },
]

[[package]]
name = "idna"
version = "3.10"
source = { registry = "https://pypi.org/simple" }
sdist = { url = "https://files.pythonhosted.org/packages/f1/70/7703c29685631f5a7590aa73f1f1d3fa9a380e654b86af429e0934a32f7d/idna-3.10.tar.gz", hash = "sha256:12f65c9b470abda6dc35cf8e63cc574b1c52b11df2c86030af0ac09b01b13ea9", size = 190490, upload-time = "2024-09-15T18:07:39.745Z" }
wheels = [
    { url = "https://files.pythonhosted.org/packages/76/c6/c88e154df9c4e1a2a66ccf0005a88dfb2650c1dffb6f5ce603dfbd452ce3/idna-3.10-py3-none-any.whl", hash = "sha256:946d195a0d259cbba61165e88e65941f16e9b36ea6ddb97f00452bae8b1287d3", size = 70442, upload-time = "2024-09-15T18:07:37.964Z" },
]

[[package]]
name = "importlib-metadata"
version = "4.11.4"
source = { registry = "https://pypi.org/simple" }
dependencies = [
    { name = "zipp" },
]
sdist = { url = "https://files.pythonhosted.org/packages/35/a8/f2bd0d488c2bf932b4dda0fb91cbb687c0b1132b33130d1cfad4e2b4b963/importlib_metadata-4.11.4.tar.gz", hash = "sha256:5d26852efe48c0a32b0509ffbc583fda1a2266545a78d104a6f4aff3db17d700", size = 44160, upload-time = "2022-05-21T16:40:21.234Z" }
wheels = [
    { url = "https://files.pythonhosted.org/packages/ab/b5/1bd220dd470b0b912fc31499e0d9c652007a60caf137995867ccc4b98cb6/importlib_metadata-4.11.4-py3-none-any.whl", hash = "sha256:c58c8eb8a762858f49e18436ff552e83914778e50e9d2f1660535ffb364552ec", size = 18108, upload-time = "2022-05-21T16:40:19.643Z" },
]

[[package]]
name = "itsdangerous"
version = "2.1.2"
source = { registry = "https://pypi.org/simple" }
sdist = { url = "https://files.pythonhosted.org/packages/7f/a1/d3fb83e7a61fa0c0d3d08ad0a94ddbeff3731c05212617dff3a94e097f08/itsdangerous-2.1.2.tar.gz", hash = "sha256:5dbbc68b317e5e42f327f9021763545dc3fc3bfe22e6deb96aaf1fc38874156a", size = 56143, upload-time = "2022-03-24T15:12:15.102Z" }
wheels = [
    { url = "https://files.pythonhosted.org/packages/68/5f/447e04e828f47465eeab35b5d408b7ebaaaee207f48b7136c5a7267a30ae/itsdangerous-2.1.2-py3-none-any.whl", hash = "sha256:2c2349112351b88699d8d4b6b075022c0808887cb7ad10069318a8b0bc88db44", size = 15749, upload-time = "2022-03-24T15:12:13.2Z" },
]

[[package]]
name = "jinja2"
version = "3.1.2"
source = { registry = "https://pypi.org/simple" }
dependencies = [
    { name = "markupsafe" },
]
sdist = { url = "https://files.pythonhosted.org/packages/7a/ff/75c28576a1d900e87eb6335b063fab47a8ef3c8b4d88524c4bf78f670cce/Jinja2-3.1.2.tar.gz", hash = "sha256:31351a702a408a9e7595a8fc6150fc3f43bb6bf7e319770cbc0db9df9437e852", size = 268239, upload-time = "2022-04-28T17:21:27.579Z" }
wheels = [
    { url = "https://files.pythonhosted.org/packages/bc/c3/f068337a370801f372f2f8f6bad74a5c140f6fda3d9de154052708dd3c65/Jinja2-3.1.2-py3-none-any.whl", hash = "sha256:6088930bfe239f0e6710546ab9c19c9ef35e29792895fed6e6e31a023a182a61", size = 133101, upload-time = "2022-04-28T17:21:25.336Z" },
]

[[package]]
name = "kelderapi"
version = "0.1.0"
source = { virtual = "." }
dependencies = [
    { name = "certifi" },
    { name = "charset-normalizer" },
    { name = "click" },
    { name = "flask" },
    { name = "idna" },
    { name = "importlib-metadata" },
    { name = "itsdangerous" },
    { name = "jinja2" },
    { name = "markupsafe" },
    { name = "paho-mqtt" },
    { name = "requests" },
    { name = "urllib3" },
    { name = "werkzeug" },
    { name = "zipp" },
]

[package.metadata]
requires-dist = [
    { name = "certifi", specifier = "==2024.8.30" },
    { name = "charset-normalizer", specifier = "==3.3.2" },
    { name = "click", specifier = "==8.1.3" },
    { name = "flask", specifier = "==2.1.2" },
    { name = "idna", specifier = "==3.10" },
    { name = "importlib-metadata", specifier = "==4.11.4" },
    { name = "itsdangerous", specifier = "==2.1.2" },
    { name = "jinja2", specifier = "==3.1.2" },
    { name = "markupsafe", specifier = "==2.1.1" },
    { name = "paho-mqtt", specifier = "==2.1.0" },
    { name = "requests", specifier = "==2.32.3" },
    { name = "urllib3", specifier = "==2.2.3" },
    { name = "werkzeug", specifier = "==2.1.2" },
    { name = "zipp", specifier = "==3.8.0" },
]

[[package]]
name = "markupsafe"
version = "2.1.1"
source = { registry = "https://pypi.org/simple" }
sdist = { url = "https://files.pythonhosted.org/packages/1d/97/2288fe498044284f39ab8950703e88abbac2abbdf65524d576157af70556/MarkupSafe-2.1.1.tar.gz", hash = "sha256:7f91197cc9e48f989d12e4e6fbc46495c446636dfc81b9ccf50bb0ec74b91d4b", size = 18668, upload-time = "2022-03-15T13:23:27.278Z" }
wheels = [
    { url = "https://files.pythonhosted.org/packages/d9/60/94e9de017674f88a514804e2924bdede9a642aba179d2045214719d6ec76/MarkupSafe-2.1.1-cp310-cp310-macosx_10_9_universal2.whl", hash = "sha256:86b1f75c4e7c2ac2ccdaec2b9022845dbb81880ca318bb7a0a01fbf7813e3812", size = 17712, upload-time = "2022-03-15T13:22:05.942Z" },
    { url = "https://files.pythonhosted.org/packages/8c/96/7e608e1a942232cb8c81ca24093e71e07e2bacbeb2dad62a0f82da28ed54/MarkupSafe-2.1.1-cp310-cp310-macosx_10_9_x86_64.whl", hash = "sha256:f121a1420d4e173a5d96e47e9a0c0dcff965afdf1626d28de1460815f7c4ee7a", size = 13623, upload-time = "2022-03-15T13:22:09.066Z" },
    { url = "https://files.pythonhosted.org/packages/ff/3a/42262a3aa6415befee33b275b31afbcef4f7f8d2f4380061b226c692ee2a/MarkupSafe-2.1.1-cp310-cp310-manylinux_2_17_aarch64.manylinux2014_aarch64.whl", hash = "sha256:a49907dd8420c5685cfa064a1335b6754b74541bbb3706c259c02ed65b644b3e", size = 26400, upload-time = "2022-03-15T13:22:10.666Z" },
    { url = "https://files.pythonhosted.org/packages/9e/82/2e089c6f34e77c073aa5a67040d368aac0dfb9b8ccbb46d381452c26fc33/MarkupSafe-2.1.1-cp310-cp310-manylinux_2_17_x86_64.manylinux2014_x86_64.whl", hash = "sha256:10c1bfff05d95783da83491be968e8fe789263689c02724e0c691933c52994f5", size = 25596, upload-time = "2022-03-15T13:22:12.358Z" },
    { url = "https://files.pythonhosted.org/packages/a3/47/9dcc08eff8ab94f1e50f59f9cd322b710ef5db7e8590fdd8df924406fc9c/MarkupSafe-2.1.1-cp310-cp310-manylinux_2_5_i686.manylinux1_i686.manylinux_2_17_i686.manylinux2014_i686.whl", hash = "sha256:b7bd98b796e2b6553da7225aeb61f447f80a1ca64f41d83612e6139ca5213aa4", size = 25270, upload-time = "2022-03-15T13:22:15.2Z" },
    { url = "https://files.pythonhosted.org/packages/ad/fa/292a72cddad41e3c06227b446a0af53ff642a40755fc5bd695f439c35ba8/MarkupSafe-2.1.1-cp310-cp310-musllinux_1_1_aarch64.whl", hash = "sha256:b09bf97215625a311f669476f44b8b318b075847b49316d3e28c08e41a7a573f", size = 30413, upload-time = "2022-03-15T13:22:17.921Z" },
    { url = "https://files.pythonhosted.org/packages/5c/1a/ac3a2b2a4ef1196c15dd8a143fc28eddeb6e6871d6d1de64dc44ef7f59b6/MarkupSafe-2.1.1-cp310-cp310-musllinux_1_1_i686.whl", hash = "sha256:694deca8d702d5db21ec83983ce0bb4b26a578e71fbdbd4fdcd387daa90e4d5e", size = 29518, upload-time = "2022-03-15T13:22:19.677Z" },
    { url = "https://files.pythonhosted.org/packages/fc/e4/78c7607352dd574d524daad079f855757d406d36b919b1864a5a07978390/MarkupSafe-2.1.1-cp310-cp310-musllinux_1_1_x86_64.whl", hash = "sha256:efc1913fd2ca4f334418481c7e595c00aad186563bbc1ec76067848c7ca0a933", size = 29804, upload-time = "2022-03-15T13:22:21.47Z" },
    { url = "https://files.pythonhosted.org/packages/5e/3d/0a7df21deca52e20de81f8a895ac29df68944588c0030be9aa1e6c07877c/MarkupSafe-2.1.1-cp310-cp310-win32.whl", hash = "sha256:4a33dea2b688b3190ee12bd7cfa29d39c9ed176bda40bfa11099a3ce5d3a7ac6", size = 16464, upload-time = "2022-03-15T13:22:23.718Z" },
    { url = "https://files.pythonhosted.org/packages/3d/4b/15e5b9d40c4b58e97ebcb8ed5845a215fa5b7cf49a7f1cc7908f8db9cf46/MarkupSafe-2.1.1-cp310-cp310-win_amd64.whl", hash = "sha256:dda30ba7e87fbbb7eab1ec9f58678558fd9a6b8b853530e176eabd064da81417", size = 17092, upload-time = "2022-03-15T13:22:25.312Z" },
]

[[package]]
name = "paho-mqtt"
version = "2.1.0"
source = { registry = "https://pypi.org/simple" }
sdist = { url = "https://files.pythonhosted.org/packages/39/15/0a6214e76d4d32e7f663b109cf71fb22561c2be0f701d67f93950cd40542/paho_mqtt-2.1.0.tar.gz", hash = "sha256:12d6e7511d4137555a3f6ea167ae846af2c7357b10bc6fa4f7c3968fc1723834", size = 148848, upload-time = "2024-04-29T19:52:55.591Z" }
wheels = [
    { url = "https://files.pythonhosted.org/packages/c4/cb/00451c3cf31790287768bb12c6bec834f5d292eaf3022afc88e14b8afc94/paho_mqtt-2.1.0-py3-none-any.whl", hash = "sha256:6db9ba9b34ed5bc6b6e3812718c7e06e2fd7444540df2455d2c51bd58808feee", size = 67219, upload-time = "2024-04-29T19:52:48.345Z" },
]

[[package]]
name = "requests"
version = "2.32.3"
source = { registry = "https://pypi.org/simple" }
dependencies = [
    { name = "certifi" },
    { name = "charset-normalizer" },
    { name = "idna" },
    { name = "urllib3" },
]
sdist = { url = "https://files.pythonhosted.org/packages/63/70/2bf7780ad2d390a8d301ad0b550f1581eadbd9a20f896afe06353c2a2913/requests-2.32.3.tar.gz", hash = "sha256:55365417734eb18255590a9ff9eb97e9e1da868d4ccd6402399eaf68af20a760", size = 131218, upload-time = "2024-05-29T15:37:49.536Z" }
wheels = [
    { url = "https://files.pythonhosted.org/packages/f9/9b/335f9764261e915ed497fcdeb11df5dfd6f7bf257d4a6a2a686d80da4d54/requests-2.32.3-py3-none-any.whl", hash = "sha256:70761cfe03c773ceb22aa2f671b4757976145175cdfca038c02654d061d6dcc6", size = 64928, upload-time = "2024-05-29T15:37:47.027Z" },
]

[[package]]
name = "urllib3"
version = "2.2.3"
source = { registry = "https://pypi.org/simple" }
sdist = { url = "https://files.pythonhosted.org/packages/ed/63/22ba4ebfe7430b76388e7cd448d5478814d3032121827c12a2cc287e2260/urllib3-2.2.3.tar.gz", hash = "sha256:e7d814a81dad81e6caf2ec9fdedb284ecc9c73076b62654547cc64ccdcae26e9", size = 300677, upload-time = "2024-09-12T10:52:18.401Z" }
wheels = [
    { url = "https://files.pythonhosted.org/packages/ce/d9/5f4c13cecde62396b0d3fe530a50ccea91e7dfc1ccf0e09c228841bb5ba8/urllib3-2.2.3-py3-none-any.whl", hash = "sha256:ca899ca043dcb1bafa3e262d73aa25c465bfb49e0bd9dd5d59f1d0acba2f8fac", size = 126338, upload-time = "2024-09-12T10:52:16.589Z" },
]

[[package]]
name = "werkzeug"
version = "2.1.2"
source = { registry = "https://pypi.org/simple" }
sdist = { url = "https://files.pythonhosted.org/packages/10/cf/97eb1a3847c01ae53e8376bc21145555ac95279523a935963dc8ff96c50b/Werkzeug-2.1.2.tar.gz", hash = "sha256:1ce08e8093ed67d638d63879fd1ba3735817f7a80de3674d293f5984f25fb6e6", size = 835169, upload-time = "2022-04-28T17:39:37.378Z" }
wheels = [
    { url = "https://files.pythonhosted.org/packages/c4/44/f50f2d22cdfb6d56c03d1b4cc3cfa03ebee2f21b59a7768f151e43415ba5/Werkzeug-2.1.2-py3-none-any.whl", hash = "sha256:72a4b735692dd3135217911cbeaa1be5fa3f62bffb8745c5215420a03dc55255", size = 224942, upload-time = "2022-04-28T17:39:34.966Z" },
]

[[package]]
name = "zipp"
version = "3.8.0"
source = { registry = "https://pypi.org/simple" }
sdist = { url = "https://files.pythonhosted.org/packages/cc/3c/3e8c69cd493297003da83f26ccf1faea5dd7da7892a0a7c965ac3bcba7bf/zipp-3.8.0.tar.gz", hash = "sha256:56bf8aadb83c24db6c4b577e13de374ccfb67da2078beba1d037c17980bf43ad", size = 13344, upload-time = "2022-04-03T15:07:28.747Z" }
wheels = [
    { url = "https://files.pythonhosted.org/packages/80/0e/16a7ee38617aab6a624e95948d314097cc2669edae9b02ded53309941cfc/zipp-3.8.0-py3-none-any.whl", hash = "sha256:c4f6e5bbf48e74f7a38e7cc5b0480ff42b0ae5178957d564d18932525d5cf099", size = 5369, upload-time = "2022-04-03T15:07:27.225Z" },
]
